
Microsoft Visual Studio Solution File, Format Version 12.00
# Visual Studio Version 17
VisualStudioVersion = 17.0.32002.185
MinimumVisualStudioVersion = 10.0.40219.1
Project("{FAE04EC0-301F-11D3-BF4B-00C04F79EFBC}") = "lockbox-csharp-controller", "lockbox-csharp-controller\lockbox-csharp-controller.csproj", "{5F752188-95AD-44E2-922A-C4144B8197FA}"
EndProject
Global
	GlobalSection(SolutionConfigurationPlatforms) = preSolution
		Debug|Any CPU = Debug|Any CPU
		Release|Any CPU = Release|Any CPU
	EndGlobalSection
	GlobalSection(ProjectConfigurationPlatforms) = postSolution
		{5F752188-95AD-44E2-922A-C4144B8197FA}.Debug|Any CPU.ActiveCfg = Debug|Any CPU
		{5F752188-95AD-44E2-922A-C4144B8197FA}.Debug|Any CPU.Build.0 = Debug|Any CPU
		{5F752188-95AD-44E2-922A-C4144B8197FA}.Release|Any CPU.ActiveCfg = Release|Any CPU
		{5F752188-95AD-44E2-922A-C4144B8197FA}.Release|Any CPU.Build.0 = Release|Any CPU
	EndGlobalSection
	GlobalSection(SolutionProperties) = preSolution
		HideSolutionNode = FALSE
	EndGlobalSection
	GlobalSection(ExtensibilityGlobals) = postSolution
		SolutionGuid = {AD8C8CF1-324F-4EC8-982B-AB4998C53037}
	EndGlobalSection
EndGlobal
